// !$*UTF8*$!
{
	archiveVersion = 1;
	classes = {
	};
	objectVersion = 55;
	objects = {

/* Begin PBXBuildFile section */
		0407B97B272C02320043CBA1 /* AppDelegate.swift in Sources */ = {isa = PBXBuildFile; fileRef = 0407B97A272C02320043CBA1 /* AppDelegate.swift */; };
		0407B97D272C02320043CBA1 /* SceneDelegate.swift in Sources */ = {isa = PBXBuildFile; fileRef = 0407B97C272C02320043CBA1 /* SceneDelegate.swift */; };
		0407B97F272C02320043CBA1 /* ViewController.swift in Sources */ = {isa = PBXBuildFile; fileRef = 0407B97E272C02320043CBA1 /* ViewController.swift */; };
		0407B982272C02320043CBA1 /* Main.storyboard in Resources */ = {isa = PBXBuildFile; fileRef = 0407B980272C02320043CBA1 /* Main.storyboard */; };
		0407B984272C02370043CBA1 /* Assets.xcassets in Resources */ = {isa = PBXBuildFile; fileRef = 0407B983272C02370043CBA1 /* Assets.xcassets */; };
		0407B987272C02370043CBA1 /* LaunchScreen.storyboard in Resources */ = {isa = PBXBuildFile; fileRef = 0407B985272C02370043CBA1 /* LaunchScreen.storyboard */; };
		0407B992272C02380043CBA1 /* familyPageTests.swift in Sources */ = {isa = PBXBuildFile; fileRef = 0407B991272C02380043CBA1 /* familyPageTests.swift */; };
		0407B99C272C02380043CBA1 /* familyPageUITests.swift in Sources */ = {isa = PBXBuildFile; fileRef = 0407B99B272C02380043CBA1 /* familyPageUITests.swift */; };
		0407B99E272C02380043CBA1 /* familyPageUITestsLaunchTests.swift in Sources */ = {isa = PBXBuildFile; fileRef = 0407B99D272C02380043CBA1 /* familyPageUITestsLaunchTests.swift */; };
		04824B5C272C25740060184F /* ChildTableViewCell.swift in Sources */ = {isa = PBXBuildFile; fileRef = 04824B5B272C25740060184F /* ChildTableViewCell.swift */; };
		94C9E5D8A0ADD9A0C20837EF /* Pods_familyPage.framework in Frameworks */ = {isa = PBXBuildFile; fileRef = 280465E188EEBF1C8811A9AE /* Pods_familyPage.framework */; };
		993534A4590A34CF749885B9 /* Pods_familyPage_familyPageUITests.framework in Frameworks */ = {isa = PBXBuildFile; fileRef = A892066E667B17E4F4758BAD /* Pods_familyPage_familyPageUITests.framework */; };
		AB4BEF440C8F08CD4913940D /* Pods_familyPageTests.framework in Frameworks */ = {isa = PBXBuildFile; fileRef = 1FA15BEF195EE7C2D3BB2551 /* Pods_familyPageTests.framework */; };
/* End PBXBuildFile section */

/* Begin PBXContainerItemProxy section */
		0407B98E272C02380043CBA1 /* PBXContainerItemProxy */ = {
			isa = PBXContainerItemProxy;
			containerPortal = 0407B96F272C02320043CBA1 /* Project object */;
			proxyType = 1;
			remoteGlobalIDString = 0407B976272C02320043CBA1;
			remoteInfo = familyPage;
		};
		0407B998272C02380043CBA1 /* PBXContainerItemProxy */ = {
			isa = PBXContainerItemProxy;
			containerPortal = 0407B96F272C02320043CBA1 /* Project object */;
			proxyType = 1;
			remoteGlobalIDString = 0407B976272C02320043CBA1;
			remoteInfo = familyPage;
		};
/* End PBXContainerItemProxy section */

/* Begin PBXFileReference section */
		0407B977272C02320043CBA1 /* familyPage.app */ = {isa = PBXFileReference; explicitFileType = wrapper.application; includeInIndex = 0; path = familyPage.app; sourceTree = BUILT_PRODUCTS_DIR; };
		0407B97A272C02320043CBA1 /* AppDelegate.swift */ = {isa = PBXFileReference; lastKnownFileType = sourcecode.swift; path = AppDelegate.swift; sourceTree = "<group>"; };
		0407B97C272C02320043CBA1 /* SceneDelegate.swift */ = {isa = PBXFileReference; lastKnownFileType = sourcecode.swift; path = SceneDelegate.swift; sourceTree = "<group>"; };
		0407B97E272C02320043CBA1 /* ViewController.swift */ = {isa = PBXFileReference; lastKnownFileType = sourcecode.swift; path = ViewController.swift; sourceTree = "<group>"; };
		0407B981272C02320043CBA1 /* Base */ = {isa = PBXFileReference; lastKnownFileType = file.storyboard; name = Base; path = Base.lproj/Main.storyboard; sourceTree = "<group>"; };
		0407B983272C02370043CBA1 /* Assets.xcassets */ = {isa = PBXFileReference; lastKnownFileType = folder.assetcatalog; path = Assets.xcassets; sourceTree = "<group>"; };
		0407B986272C02370043CBA1 /* Base */ = {isa = PBXFileReference; lastKnownFileType = file.storyboard; name = Base; path = Base.lproj/LaunchScreen.storyboard; sourceTree = "<group>"; };
		0407B988272C02370043CBA1 /* Info.plist */ = {isa = PBXFileReference; lastKnownFileType = text.plist.xml; path = Info.plist; sourceTree = "<group>"; };
		0407B98D272C02380043CBA1 /* familyPageTests.xctest */ = {isa = PBXFileReference; explicitFileType = wrapper.cfbundle; includeInIndex = 0; path = familyPageTests.xctest; sourceTree = BUILT_PRODUCTS_DIR; };
		0407B991272C02380043CBA1 /* familyPageTests.swift */ = {isa = PBXFileReference; lastKnownFileType = sourcecode.swift; path = familyPageTests.swift; sourceTree = "<group>"; };
		0407B997272C02380043CBA1 /* familyPageUITests.xctest */ = {isa = PBXFileReference; explicitFileType = wrapper.cfbundle; includeInIndex = 0; path = familyPageUITests.xctest; sourceTree = BUILT_PRODUCTS_DIR; };
		0407B99B272C02380043CBA1 /* familyPageUITests.swift */ = {isa = PBXFileReference; lastKnownFileType = sourcecode.swift; path = familyPageUITests.swift; sourceTree = "<group>"; };
		0407B99D272C02380043CBA1 /* familyPageUITestsLaunchTests.swift */ = {isa = PBXFileReference; lastKnownFileType = sourcecode.swift; path = familyPageUITestsLaunchTests.swift; sourceTree = "<group>"; };
		04824B5B272C25740060184F /* ChildTableViewCell.swift */ = {isa = PBXFileReference; lastKnownFileType = sourcecode.swift; path = ChildTableViewCell.swift; sourceTree = "<group>"; };
		1FA15BEF195EE7C2D3BB2551 /* Pods_familyPageTests.framework */ = {isa = PBXFileReference; explicitFileType = wrapper.framework; includeInIndex = 0; path = Pods_familyPageTests.framework; sourceTree = BUILT_PRODUCTS_DIR; };
		280465E188EEBF1C8811A9AE /* Pods_familyPage.framework */ = {isa = PBXFileReference; explicitFileType = wrapper.framework; includeInIndex = 0; path = Pods_familyPage.framework; sourceTree = BUILT_PRODUCTS_DIR; };
		2BE89CEB09AA375CB7E37D05 /* Pods-familyPage.debug.xcconfig */ = {isa = PBXFileReference; includeInIndex = 1; lastKnownFileType = text.xcconfig; name = "Pods-familyPage.debug.xcconfig"; path = "Target Support Files/Pods-familyPage/Pods-familyPage.debug.xcconfig"; sourceTree = "<group>"; };
		42959B28825B2C2D62D919A2 /* Pods-familyPageTests.debug.xcconfig */ = {isa = PBXFileReference; includeInIndex = 1; lastKnownFileType = text.xcconfig; name = "Pods-familyPageTests.debug.xcconfig"; path = "Target Support Files/Pods-familyPageTests/Pods-familyPageTests.debug.xcconfig"; sourceTree = "<group>"; };
		49D546ED863AB7731144E120 /* Pods-familyPage-familyPageUITests.release.xcconfig */ = {isa = PBXFileReference; includeInIndex = 1; lastKnownFileType = text.xcconfig; name = "Pods-familyPage-familyPageUITests.release.xcconfig"; path = "Target Support Files/Pods-familyPage-familyPageUITests/Pods-familyPage-familyPageUITests.release.xcconfig"; sourceTree = "<group>"; };
		86F24205C220FE883BF27CCA /* Pods-familyPage.release.xcconfig */ = {isa = PBXFileReference; includeInIndex = 1; lastKnownFileType = text.xcconfig; name = "Pods-familyPage.release.xcconfig"; path = "Target Support Files/Pods-familyPage/Pods-familyPage.release.xcconfig"; sourceTree = "<group>"; };
		A3B3EAC02EB4AD2E4CA934D6 /* Pods-familyPage-familyPageUITests.debug.xcconfig */ = {isa = PBXFileReference; includeInIndex = 1; lastKnownFileType = text.xcconfig; name = "Pods-familyPage-familyPageUITests.debug.xcconfig"; path = "Target Support Files/Pods-familyPage-familyPageUITests/Pods-familyPage-familyPageUITests.debug.xcconfig"; sourceTree = "<group>"; };
		A53FE08343B28DDFEE23A1E2 /* Pods-familyPageTests.release.xcconfig */ = {isa = PBXFileReference; includeInIndex = 1; lastKnownFileType = text.xcconfig; name = "Pods-familyPageTests.release.xcconfig"; path = "Target Support Files/Pods-familyPageTests/Pods-familyPageTests.release.xcconfig"; sourceTree = "<group>"; };
		A892066E667B17E4F4758BAD /* Pods_familyPage_familyPageUITests.framework */ = {isa = PBXFileReference; explicitFileType = wrapper.framework; includeInIndex = 0; path = Pods_familyPage_familyPageUITests.framework; sourceTree = BUILT_PRODUCTS_DIR; };
/* End PBXFileReference section */

/* Begin PBXFrameworksBuildPhase section */
		0407B974272C02320043CBA1 /* Frameworks */ = {
			isa = PBXFrameworksBuildPhase;
			buildActionMask = 2147483647;
			files = (
				94C9E5D8A0ADD9A0C20837EF /* Pods_familyPage.framework in Frameworks */,
			);
			runOnlyForDeploymentPostprocessing = 0;
		};
		0407B98A272C02380043CBA1 /* Frameworks */ = {
			isa = PBXFrameworksBuildPhase;
			buildActionMask = 2147483647;
			files = (
				AB4BEF440C8F08CD4913940D /* Pods_familyPageTests.framework in Frameworks */,
			);
			runOnlyForDeploymentPostprocessing = 0;
		};
		0407B994272C02380043CBA1 /* Frameworks */ = {
			isa = PBXFrameworksBuildPhase;
			buildActionMask = 2147483647;
			files = (
				993534A4590A34CF749885B9 /* Pods_familyPage_familyPageUITests.framework in Frameworks */,
			);
			runOnlyForDeploymentPostprocessing = 0;
		};
/* End PBXFrameworksBuildPhase section */

/* Begin PBXGroup section */
		0407B96E272C02320043CBA1 = {
			isa = PBXGroup;
			children = (
				0407B979272C02320043CBA1 /* familyPage */,
				0407B990272C02380043CBA1 /* familyPageTests */,
				0407B99A272C02380043CBA1 /* familyPageUITests */,
				0407B978272C02320043CBA1 /* Products */,
				64017B4EF16892E71105A806 /* Pods */,
				62178E55547DFF4D13F538BD /* Frameworks */,
			);
			sourceTree = "<group>";
		};
		0407B978272C02320043CBA1 /* Products */ = {
			isa = PBXGroup;
			children = (
				0407B977272C02320043CBA1 /* familyPage.app */,
				0407B98D272C02380043CBA1 /* familyPageTests.xctest */,
				0407B997272C02380043CBA1 /* familyPageUITests.xctest */,
			);
			name = Products;
			sourceTree = "<group>";
		};
		0407B979272C02320043CBA1 /* familyPage */ = {
			isa = PBXGroup;
			children = (
				0407B97A272C02320043CBA1 /* AppDelegate.swift */,
				0407B97C272C02320043CBA1 /* SceneDelegate.swift */,
				0407B97E272C02320043CBA1 /* ViewController.swift */,
				04824B5B272C25740060184F /* ChildTableViewCell.swift */,
				0407B980272C02320043CBA1 /* Main.storyboard */,
				0407B983272C02370043CBA1 /* Assets.xcassets */,
				0407B985272C02370043CBA1 /* LaunchScreen.storyboard */,
				0407B988272C02370043CBA1 /* Info.plist */,
			);
			path = familyPage;
			sourceTree = "<group>";
		};
		0407B990272C02380043CBA1 /* familyPageTests */ = {
			isa = PBXGroup;
			children = (
				0407B991272C02380043CBA1 /* familyPageTests.swift */,
			);
			path = familyPageTests;
			sourceTree = "<group>";
		};
		0407B99A272C02380043CBA1 /* familyPageUITests */ = {
			isa = PBXGroup;
			children = (
				0407B99B272C02380043CBA1 /* familyPageUITests.swift */,
				0407B99D272C02380043CBA1 /* familyPageUITestsLaunchTests.swift */,
			);
			path = familyPageUITests;
			sourceTree = "<group>";
		};
		62178E55547DFF4D13F538BD /* Frameworks */ = {
			isa = PBXGroup;
			children = (
				280465E188EEBF1C8811A9AE /* Pods_familyPage.framework */,
				A892066E667B17E4F4758BAD /* Pods_familyPage_familyPageUITests.framework */,
				1FA15BEF195EE7C2D3BB2551 /* Pods_familyPageTests.framework */,
			);
			name = Frameworks;
			sourceTree = "<group>";
		};
		64017B4EF16892E71105A806 /* Pods */ = {
			isa = PBXGroup;
			children = (
				2BE89CEB09AA375CB7E37D05 /* Pods-familyPage.debug.xcconfig */,
				86F24205C220FE883BF27CCA /* Pods-familyPage.release.xcconfig */,
				A3B3EAC02EB4AD2E4CA934D6 /* Pods-familyPage-familyPageUITests.debug.xcconfig */,
				49D546ED863AB7731144E120 /* Pods-familyPage-familyPageUITests.release.xcconfig */,
				42959B28825B2C2D62D919A2 /* Pods-familyPageTests.debug.xcconfig */,
				A53FE08343B28DDFEE23A1E2 /* Pods-familyPageTests.release.xcconfig */,
			);
			path = Pods;
			sourceTree = "<group>";
		};
/* End PBXGroup section */

/* Begin PBXNativeTarget section */
		0407B976272C02320043CBA1 /* familyPage */ = {
			isa = PBXNativeTarget;
			buildConfigurationList = 0407B9A1272C02380043CBA1 /* Build configuration list for PBXNativeTarget "familyPage" */;
			buildPhases = (
				14D313A9CF2C6F0EF398FD54 /* [CP] Check Pods Manifest.lock */,
				0407B973272C02320043CBA1 /* Sources */,
				0407B974272C02320043CBA1 /* Frameworks */,
				0407B975272C02320043CBA1 /* Resources */,
				CA1428776EF756EDE797891B /* [CP] Embed Pods Frameworks */,
			);
			buildRules = (
			);
			dependencies = (
			);
			name = familyPage;
			productName = familyPage;
			productReference = 0407B977272C02320043CBA1 /* familyPage.app */;
			productType = "com.apple.product-type.application";
		};
		0407B98C272C02380043CBA1 /* familyPageTests */ = {
			isa = PBXNativeTarget;
			buildConfigurationList = 0407B9A4272C02380043CBA1 /* Build configuration list for PBXNativeTarget "familyPageTests" */;
			buildPhases = (
				A5395C8BFB1E81BAC795A630 /* [CP] Check Pods Manifest.lock */,
				0407B989272C02380043CBA1 /* Sources */,
				0407B98A272C02380043CBA1 /* Frameworks */,
				0407B98B272C02380043CBA1 /* Resources */,
			);
			buildRules = (
			);
			dependencies = (
				0407B98F272C02380043CBA1 /* PBXTargetDependency */,
			);
			name = familyPageTests;
			productName = familyPageTests;
			productReference = 0407B98D272C02380043CBA1 /* familyPageTests.xctest */;
			productType = "com.apple.product-type.bundle.unit-test";
		};
		0407B996272C02380043CBA1 /* familyPageUITests */ = {
			isa = PBXNativeTarget;
			buildConfigurationList = 0407B9A7272C02380043CBA1 /* Build configuration list for PBXNativeTarget "familyPageUITests" */;
			buildPhases = (
				BB27234DB88364B0256E53D7 /* [CP] Check Pods Manifest.lock */,
				0407B993272C02380043CBA1 /* Sources */,
				0407B994272C02380043CBA1 /* Frameworks */,
				0407B995272C02380043CBA1 /* Resources */,
				1B0E999A94FA4A4DA0BE0439 /* [CP] Embed Pods Frameworks */,
			);
			buildRules = (
			);
			dependencies = (
				0407B999272C02380043CBA1 /* PBXTargetDependency */,
			);
			name = familyPageUITests;
			productName = familyPageUITests;
			productReference = 0407B997272C02380043CBA1 /* familyPageUITests.xctest */;
			productType = "com.apple.product-type.bundle.ui-testing";
		};
/* End PBXNativeTarget section */

/* Begin PBXProject section */
		0407B96F272C02320043CBA1 /* Project object */ = {
			isa = PBXProject;
			attributes = {
				BuildIndependentTargetsInParallel = 1;
				LastSwiftUpdateCheck = 1300;
				LastUpgradeCheck = 1300;
				TargetAttributes = {
					0407B976272C02320043CBA1 = {
						CreatedOnToolsVersion = 13.0;
					};
					0407B98C272C02380043CBA1 = {
						CreatedOnToolsVersion = 13.0;
						TestTargetID = 0407B976272C02320043CBA1;
					};
					0407B996272C02380043CBA1 = {
						CreatedOnToolsVersion = 13.0;
						TestTargetID = 0407B976272C02320043CBA1;
					};
				};
			};
			buildConfigurationList = 0407B972272C02320043CBA1 /* Build configuration list for PBXProject "familyPage" */;
			compatibilityVersion = "Xcode 13.0";
			developmentRegion = en;
			hasScannedForEncodings = 0;
			knownRegions = (
				en,
				Base,
			);
			mainGroup = 0407B96E272C02320043CBA1;
			productRefGroup = 0407B978272C02320043CBA1 /* Products */;
			projectDirPath = "";
			projectRoot = "";
			targets = (
				0407B976272C02320043CBA1 /* familyPage */,
				0407B98C272C02380043CBA1 /* familyPageTests */,
				0407B996272C02380043CBA1 /* familyPageUITests */,
			);
		};
/* End PBXProject section */

/* Begin PBXResourcesBuildPhase section */
		0407B975272C02320043CBA1 /* Resources */ = {
			isa = PBXResourcesBuildPhase;
			buildActionMask = 2147483647;
			files = (
				0407B987272C02370043CBA1 /* LaunchScreen.storyboard in Resources */,
				0407B984272C02370043CBA1 /* Assets.xcassets in Resources */,
				0407B982272C02320043CBA1 /* Main.storyboard in Resources */,
			);
			runOnlyForDeploymentPostprocessing = 0;
		};
		0407B98B272C02380043CBA1 /* Resources */ = {
			isa = PBXResourcesBuildPhase;
			buildActionMask = 2147483647;
			files = (
			);
			runOnlyForDeploymentPostprocessing = 0;
		};
		0407B995272C02380043CBA1 /* Resources */ = {
			isa = PBXResourcesBuildPhase;
			buildActionMask = 2147483647;
			files = (
			);
			runOnlyForDeploymentPostprocessing = 0;
		};
/* End PBXResourcesBuildPhase section */

/* Begin PBXShellScriptBuildPhase section */
		14D313A9CF2C6F0EF398FD54 /* [CP] Check Pods Manifest.lock */ = {
			isa = PBXShellScriptBuildPhase;
			buildActionMask = 2147483647;
			files = (
			);
			inputFileListPaths = (
			);
			inputPaths = (
				"${PODS_PODFILE_DIR_PATH}/Podfile.lock",
				"${PODS_ROOT}/Manifest.lock",
			);
			name = "[CP] Check Pods Manifest.lock";
			outputFileListPaths = (
			);
			outputPaths = (
				"$(DERIVED_FILE_DIR)/Pods-familyPage-checkManifestLockResult.txt",
			);
			runOnlyForDeploymentPostprocessing = 0;
			shellPath = /bin/sh;
			shellScript = "diff \"${PODS_PODFILE_DIR_PATH}/Podfile.lock\" \"${PODS_ROOT}/Manifest.lock\" > /dev/null\nif [ $? != 0 ] ; then\n    # print error to STDERR\n    echo \"error: The sandbox is not in sync with the Podfile.lock. Run 'pod install' or update your CocoaPods installation.\" >&2\n    exit 1\nfi\n# This output is used by Xcode 'outputs' to avoid re-running this script phase.\necho \"SUCCESS\" > \"${SCRIPT_OUTPUT_FILE_0}\"\n";
			showEnvVarsInLog = 0;
		};
		1B0E999A94FA4A4DA0BE0439 /* [CP] Embed Pods Frameworks */ = {
			isa = PBXShellScriptBuildPhase;
			buildActionMask = 2147483647;
			files = (
			);
			inputFileListPaths = (
				"${PODS_ROOT}/Target Support Files/Pods-familyPage-familyPageUITests/Pods-familyPage-familyPageUITests-frameworks-${CONFIGURATION}-input-files.xcfilelist",
			);
			name = "[CP] Embed Pods Frameworks";
			outputFileListPaths = (
				"${PODS_ROOT}/Target Support Files/Pods-familyPage-familyPageUITests/Pods-familyPage-familyPageUITests-frameworks-${CONFIGURATION}-output-files.xcfilelist",
			);
			runOnlyForDeploymentPostprocessing = 0;
			shellPath = /bin/sh;
			shellScript = "\"${PODS_ROOT}/Target Support Files/Pods-familyPage-familyPageUITests/Pods-familyPage-familyPageUITests-frameworks.sh\"\n";
			showEnvVarsInLog = 0;
		};
		A5395C8BFB1E81BAC795A630 /* [CP] Check Pods Manifest.lock */ = {
			isa = PBXShellScriptBuildPhase;
			buildActionMask = 2147483647;
			files = (
			);
			inputFileListPaths = (
			);
			inputPaths = (
				"${PODS_PODFILE_DIR_PATH}/Podfile.lock",
				"${PODS_ROOT}/Manifest.lock",
			);
			name = "[CP] Check Pods Manifest.lock";
			outputFileListPaths = (
			);
			outputPaths = (
				"$(DERIVED_FILE_DIR)/Pods-familyPageTests-checkManifestLockResult.txt",
			);
			runOnlyForDeploymentPostprocessing = 0;
			shellPath = /bin/sh;
			shellScript = "diff \"${PODS_PODFILE_DIR_PATH}/Podfile.lock\" \"${PODS_ROOT}/Manifest.lock\" > /dev/null\nif [ $? != 0 ] ; then\n    # print error to STDERR\n    echo \"error: The sandbox is not in sync with the Podfile.lock. Run 'pod install' or update your CocoaPods installation.\" >&2\n    exit 1\nfi\n# This output is used by Xcode 'outputs' to avoid re-running this script phase.\necho \"SUCCESS\" > \"${SCRIPT_OUTPUT_FILE_0}\"\n";
			showEnvVarsInLog = 0;
		};
		BB27234DB88364B0256E53D7 /* [CP] Check Pods Manifest.lock */ = {
			isa = PBXShellScriptBuildPhase;
			buildActionMask = 2147483647;
			files = (
			);
			inputFileListPaths = (
			);
			inputPaths = (
				"${PODS_PODFILE_DIR_PATH}/Podfile.lock",
				"${PODS_ROOT}/Manifest.lock",
			);
			name = "[CP] Check Pods Manifest.lock";
			outputFileListPaths = (
			);
			outputPaths = (
				"$(DERIVED_FILE_DIR)/Pods-familyPage-familyPageUITests-checkManifestLockResult.txt",
			);
			runOnlyForDeploymentPostprocessing = 0;
			shellPath = /bin/sh;
			shellScript = "diff \"${PODS_PODFILE_DIR_PATH}/Podfile.lock\" \"${PODS_ROOT}/Manifest.lock\" > /dev/null\nif [ $? != 0 ] ; then\n    # print error to STDERR\n    echo \"error: The sandbox is not in sync with the Podfile.lock. Run 'pod install' or update your CocoaPods installation.\" >&2\n    exit 1\nfi\n# This output is used by Xcode 'outputs' to avoid re-running this script phase.\necho \"SUCCESS\" > \"${SCRIPT_OUTPUT_FILE_0}\"\n";
			showEnvVarsInLog = 0;
		};
		CA1428776EF756EDE797891B /* [CP] Embed Pods Frameworks */ = {
			isa = PBXShellScriptBuildPhase;
			buildActionMask = 2147483647;
			files = (
			);
			inputFileListPaths = (
				"${PODS_ROOT}/Target Support Files/Pods-familyPage/Pods-familyPage-frameworks-${CONFIGURATION}-input-files.xcfilelist",
			);
			name = "[CP] Embed Pods Frameworks";
			outputFileListPaths = (
				"${PODS_ROOT}/Target Support Files/Pods-familyPage/Pods-familyPage-frameworks-${CONFIGURATION}-output-files.xcfilelist",
			);
			runOnlyForDeploymentPostprocessing = 0;
			shellPath = /bin/sh;
			shellScript = "\"${PODS_ROOT}/Target Support Files/Pods-familyPage/Pods-familyPage-frameworks.sh\"\n";
			showEnvVarsInLog = 0;
		};
/* End PBXShellScriptBuildPhase section */

/* Begin PBXSourcesBuildPhase section */
		0407B973272C02320043CBA1 /* Sources */ = {
			isa = PBXSourcesBuildPhase;
			buildActionMask = 2147483647;
			files = (
				0407B97F272C02320043CBA1 /* ViewController.swift in Sources */,
				0407B97B272C02320043CBA1 /* AppDelegate.swift in Sources */,
				04824B5C272C25740060184F /* ChildTableViewCell.swift in Sources */,
				0407B97D272C02320043CBA1 /* SceneDelegate.swift in Sources */,
			);
			runOnlyForDeploymentPostprocessing = 0;
		};
		0407B989272C02380043CBA1 /* Sources */ = {
			isa = PBXSourcesBuildPhase;
			buildActionMask = 2147483647;
			files = (
				0407B992272C02380043CBA1 /* familyPageTests.swift in Sources */,
			);
			runOnlyForDeploymentPostprocessing = 0;
		};
		0407B993272C02380043CBA1 /* Sources */ = {
			isa = PBXSourcesBuildPhase;
			buildActionMask = 2147483647;
			files = (
				0407B99C272C02380043CBA1 /* familyPageUITests.swift in Sources */,
				0407B99E272C02380043CBA1 /* familyPageUITestsLaunchTests.swift in Sources */,
			);
			runOnlyForDeploymentPostprocessing = 0;
		};
/* End PBXSourcesBuildPhase section */

/* Begin PBXTargetDependency section */
		0407B98F272C02380043CBA1 /* PBXTargetDependency */ = {
			isa = PBXTargetDependency;
			target = 0407B976272C02320043CBA1 /* familyPage */;
			targetProxy = 0407B98E272C02380043CBA1 /* PBXContainerItemProxy */;
		};
		0407B999272C02380043CBA1 /* PBXTargetDependency */ = {
			isa = PBXTargetDependency;
			target = 0407B976272C02320043CBA1 /* familyPage */;
			targetProxy = 0407B998272C02380043CBA1 /* PBXContainerItemProxy */;
		};
/* End PBXTargetDependency section */

/* Begin PBXVariantGroup section */
		0407B980272C02320043CBA1 /* Main.storyboard */ = {
			isa = PBXVariantGroup;
			children = (
				0407B981272C02320043CBA1 /* Base */,
			);
			name = Main.storyboard;
			sourceTree = "<group>";
		};
		0407B985272C02370043CBA1 /* LaunchScreen.storyboard */ = {
			isa = PBXVariantGroup;
			children = (
				0407B986272C02370043CBA1 /* Base */,
			);
			name = LaunchScreen.storyboard;
			sourceTree = "<group>";
		};
/* End PBXVariantGroup section */

/* Begin XCBuildConfiguration section */
		0407B99F272C02380043CBA1 /* Debug */ = {
			isa = XCBuildConfiguration;
			buildSettings = {
				ALWAYS_SEARCH_USER_PATHS = NO;
				CLANG_ANALYZER_NONNULL = YES;
				CLANG_ANALYZER_NUMBER_OBJECT_CONVERSION = YES_AGGRESSIVE;
				CLANG_CXX_LANGUAGE_STANDARD = "gnu++17";
				CLANG_CXX_LIBRARY = "libc++";
				CLANG_ENABLE_MODULES = YES;
				CLANG_ENABLE_OBJC_ARC = YES;
				CLANG_ENABLE_OBJC_WEAK = YES;
				CLANG_WARN_BLOCK_CAPTURE_AUTORELEASING = YES;
				CLANG_WARN_BOOL_CONVERSION = YES;
				CLANG_WARN_COMMA = YES;
				CLANG_WARN_CONSTANT_CONVERSION = YES;
				CLANG_WARN_DEPRECATED_OBJC_IMPLEMENTATIONS = YES;
				CLANG_WARN_DIRECT_OBJC_ISA_USAGE = YES_ERROR;
				CLANG_WARN_DOCUMENTATION_COMMENTS = YES;
				CLANG_WARN_EMPTY_BODY = YES;
				CLANG_WARN_ENUM_CONVERSION = YES;
				CLANG_WARN_INFINITE_RECURSION = YES;
				CLANG_WARN_INT_CONVERSION = YES;
				CLANG_WARN_NON_LITERAL_NULL_CONVERSION = YES;
				CLANG_WARN_OBJC_IMPLICIT_RETAIN_SELF = YES;
				CLANG_WARN_OBJC_LITERAL_CONVERSION = YES;
				CLANG_WARN_OBJC_ROOT_CLASS = YES_ERROR;
				CLANG_WARN_QUOTED_INCLUDE_IN_FRAMEWORK_HEADER = YES;
				CLANG_WARN_RANGE_LOOP_ANALYSIS = YES;
				CLANG_WARN_STRICT_PROTOTYPES = YES;
				CLANG_WARN_SUSPICIOUS_MOVE = YES;
				CLANG_WARN_UNGUARDED_AVAILABILITY = YES_AGGRESSIVE;
				CLANG_WARN_UNREACHABLE_CODE = YES;
				CLANG_WARN__DUPLICATE_METHOD_MATCH = YES;
				COPY_PHASE_STRIP = NO;
				DEBUG_INFORMATION_FORMAT = dwarf;
				ENABLE_STRICT_OBJC_MSGSEND = YES;
				ENABLE_TESTABILITY = YES;
				GCC_C_LANGUAGE_STANDARD = gnu11;
				GCC_DYNAMIC_NO_PIC = NO;
				GCC_NO_COMMON_BLOCKS = YES;
				GCC_OPTIMIZATION_LEVEL = 0;
				GCC_PREPROCESSOR_DEFINITIONS = (
					"DEBUG=1",
					"$(inherited)",
				);
				GCC_WARN_64_TO_32_BIT_CONVERSION = YES;
				GCC_WARN_ABOUT_RETURN_TYPE = YES_ERROR;
				GCC_WARN_UNDECLARED_SELECTOR = YES;
				GCC_WARN_UNINITIALIZED_AUTOS = YES_AGGRESSIVE;
				GCC_WARN_UNUSED_FUNCTION = YES;
				GCC_WARN_UNUSED_VARIABLE = YES;
				IPHONEOS_DEPLOYMENT_TARGET = 15.0;
				MTL_ENABLE_DEBUG_INFO = INCLUDE_SOURCE;
				MTL_FAST_MATH = YES;
				ONLY_ACTIVE_ARCH = YES;
				SDKROOT = iphoneos;
				SWIFT_ACTIVE_COMPILATION_CONDITIONS = DEBUG;
				SWIFT_OPTIMIZATION_LEVEL = "-Onone";
			};
			name = Debug;
		};
		0407B9A0272C02380043CBA1 /* Release */ = {
			isa = XCBuildConfiguration;
			buildSettings = {
				ALWAYS_SEARCH_USER_PATHS = NO;
				CLANG_ANALYZER_NONNULL = YES;
				CLANG_ANALYZER_NUMBER_OBJECT_CONVERSION = YES_AGGRESSIVE;
				CLANG_CXX_LANGUAGE_STANDARD = "gnu++17";
				CLANG_CXX_LIBRARY = "libc++";
				CLANG_ENABLE_MODULES = YES;
				CLANG_ENABLE_OBJC_ARC = YES;
				CLANG_ENABLE_OBJC_WEAK = YES;
				CLANG_WARN_BLOCK_CAPTURE_AUTORELEASING = YES;
				CLANG_WARN_BOOL_CONVERSION = YES;
				CLANG_WARN_COMMA = YES;
				CLANG_WARN_CONSTANT_CONVERSION = YES;
				CLANG_WARN_DEPRECATED_OBJC_IMPLEMENTATIONS = YES;
				CLANG_WARN_DIRECT_OBJC_ISA_USAGE = YES_ERROR;
				CLANG_WARN_DOCUMENTATION_COMMENTS = YES;
				CLANG_WARN_EMPTY_BODY = YES;
				CLANG_WARN_ENUM_CONVERSION = YES;
				CLANG_WARN_INFINITE_RECURSION = YES;
				CLANG_WARN_INT_CONVERSION = YES;
				CLANG_WARN_NON_LITERAL_NULL_CONVERSION = YES;
				CLANG_WARN_OBJC_IMPLICIT_RETAIN_SELF = YES;
				CLANG_WARN_OBJC_LITERAL_CONVERSION = YES;
				CLANG_WARN_OBJC_ROOT_CLASS = YES_ERROR;
				CLANG_WARN_QUOTED_INCLUDE_IN_FRAMEWORK_HEADER = YES;
				CLANG_WARN_RANGE_LOOP_ANALYSIS = YES;
				CLANG_WARN_STRICT_PROTOTYPES = YES;
				CLANG_WARN_SUSPICIOUS_MOVE = YES;
				CLANG_WARN_UNGUARDED_AVAILABILITY = YES_AGGRESSIVE;
				CLANG_WARN_UNREACHABLE_CODE = YES;
				CLANG_WARN__DUPLICATE_METHOD_MATCH = YES;
				COPY_PHASE_STRIP = NO;
				DEBUG_INFORMATION_FORMAT = "dwarf-with-dsym";
				ENABLE_NS_ASSERTIONS = NO;
				ENABLE_STRICT_OBJC_MSGSEND = YES;
				GCC_C_LANGUAGE_STANDARD = gnu11;
				GCC_NO_COMMON_BLOCKS = YES;
				GCC_WARN_64_TO_32_BIT_CONVERSION = YES;
				GCC_WARN_ABOUT_RETURN_TYPE = YES_ERROR;
				GCC_WARN_UNDECLARED_SELECTOR = YES;
				GCC_WARN_UNINITIALIZED_AUTOS = YES_AGGRESSIVE;
				GCC_WARN_UNUSED_FUNCTION = YES;
				GCC_WARN_UNUSED_VARIABLE = YES;
				IPHONEOS_DEPLOYMENT_TARGET = 15.0;
				MTL_ENABLE_DEBUG_INFO = NO;
				MTL_FAST_MATH = YES;
				SDKROOT = iphoneos;
				SWIFT_COMPILATION_MODE = wholemodule;
				SWIFT_OPTIMIZATION_LEVEL = "-O";
				VALIDATE_PRODUCT = YES;
			};
			name = Release;
		};
		0407B9A2272C02380043CBA1 /* Debug */ = {
			isa = XCBuildConfiguration;
			baseConfigurationReference = 2BE89CEB09AA375CB7E37D05 /* Pods-familyPage.debug.xcconfig */;
			buildSettings = {
				ASSETCATALOG_COMPILER_APPICON_NAME = AppIcon;
				ASSETCATALOG_COMPILER_GLOBAL_ACCENT_COLOR_NAME = AccentColor;
				CODE_SIGN_STYLE = Automatic;
				CURRENT_PROJECT_VERSION = 1;
				DEVELOPMENT_TEAM = CF76M9X65W;
				GENERATE_INFOPLIST_FILE = YES;
				INFOPLIST_FILE = familyPage/Info.plist;
				INFOPLIST_KEY_UIApplicationSupportsIndirectInputEvents = YES;
				INFOPLIST_KEY_UILaunchStoryboardName = LaunchScreen;
				INFOPLIST_KEY_UIMainStoryboardFile = Main;
				INFOPLIST_KEY_UISupportedInterfaceOrientations_iPad = "UIInterfaceOrientationPortrait UIInterfaceOrientationPortraitUpsideDown UIInterfaceOrientationLandscapeLeft UIInterfaceOrientationLandscapeRight";
				INFOPLIST_KEY_UISupportedInterfaceOrientations_iPhone = "UIInterfaceOrientationPortrait UIInterfaceOrientationLandscapeLeft UIInterfaceOrientationLandscapeRight";
				LD_RUNPATH_SEARCH_PATHS = (
					"$(inherited)",
					"@executable_path/Frameworks",
				);
				MARKETING_VERSION = 1.0;
				PRODUCT_BUNDLE_IDENTIFIER = efimi.familyPage;
				PRODUCT_NAME = "$(TARGET_NAME)";
				SWIFT_EMIT_LOC_STRINGS = YES;
				SWIFT_VERSION = 5.0;
				TARGETED_DEVICE_FAMILY = "1,2";
			};
			name = Debug;
		};
		0407B9A3272C02380043CBA1 /* Release */ = {
			isa = XCBuildConfiguration;
			baseConfigurationReference = 86F24205C220FE883BF27CCA /* Pods-familyPage.release.xcconfig */;
			buildSettings = {
				ASSETCATALOG_COMPILER_APPICON_NAME = AppIcon;
				ASSETCATALOG_COMPILER_GLOBAL_ACCENT_COLOR_NAME = AccentColor;
				CODE_SIGN_STYLE = Automatic;
				CURRENT_PROJECT_VERSION = 1;
				DEVELOPMENT_TEAM = CF76M9X65W;
				GENERATE_INFOPLIST_FILE = YES;
				INFOPLIST_FILE = familyPage/Info.plist;
				INFOPLIST_KEY_UIApplicationSupportsIndirectInputEvents = YES;
				INFOPLIST_KEY_UILaunchStoryboardName = LaunchScreen;
				INFOPLIST_KEY_UIMainStoryboardFile = Main;
				INFOPLIST_KEY_UISupportedInterfaceOrientations_iPad = "UIInterfaceOrientationPortrait UIInterfaceOrientationPortraitUpsideDown UIInterfaceOrientationLandscapeLeft UIInterfaceOrientationLandscapeRight";
				INFOPLIST_KEY_UISupportedInterfaceOrientations_iPhone = "UIInterfaceOrientationPortrait UIInterfaceOrientationLandscapeLeft UIInterfaceOrientationLandscapeRight";
				LD_RUNPATH_SEARCH_PATHS = (
					"$(inherited)",
					"@executable_path/Frameworks",
				);
				MARKETING_VERSION = 1.0;
				PRODUCT_BUNDLE_IDENTIFIER = efimi.familyPage;
				PRODUCT_NAME = "$(TARGET_NAME)";
				SWIFT_EMIT_LOC_STRINGS = YES;
				SWIFT_VERSION = 5.0;
				TARGETED_DEVICE_FAMILY = "1,2";
			};
			name = Release;
		};
		0407B9A5272C02380043CBA1 /* Debug */ = {
			isa = XCBuildConfiguration;
			baseConfigurationReference = 42959B28825B2C2D62D919A2 /* Pods-familyPageTests.debug.xcconfig */;
			buildSettings = {
				ALWAYS_EMBED_SWIFT_STANDARD_LIBRARIES = YES;
				BUNDLE_LOADER = "$(TEST_HOST)";
				CODE_SIGN_STYLE = Automatic;
				CURRENT_PROJECT_VERSION = 1;
				DEVELOPMENT_TEAM = CF76M9X65W;
				GENERATE_INFOPLIST_FILE = YES;
				IPHONEOS_DEPLOYMENT_TARGET = 15.0;
				LD_RUNPATH_SEARCH_PATHS = (
					"$(inherited)",
					"@executable_path/Frameworks",
					"@loader_path/Frameworks",
				);
				MARKETING_VERSION = 1.0;
				PRODUCT_BUNDLE_IDENTIFIER = efimi.familyPageTests;
				PRODUCT_NAME = "$(TARGET_NAME)";
				SWIFT_EMIT_LOC_STRINGS = NO;
				SWIFT_VERSION = 5.0;
				TARGETED_DEVICE_FAMILY = "1,2";
				TEST_HOST = "$(BUILT_PRODUCTS_DIR)/familyPage.app/familyPage";
			};
			name = Debug;
		};
		0407B9A6272C02380043CBA1 /* Release */ = {
			isa = XCBuildConfiguration;
			baseConfigurationReference = A53FE08343B28DDFEE23A1E2 /* Pods-familyPageTests.release.xcconfig */;
			buildSettings = {
				ALWAYS_EMBED_SWIFT_STANDARD_LIBRARIES = YES;
				BUNDLE_LOADER = "$(TEST_HOST)";
				CODE_SIGN_STYLE = Automatic;
				CURRENT_PROJECT_VERSION = 1;
				DEVELOPMENT_TEAM = CF76M9X65W;
				GENERATE_INFOPLIST_FILE = YES;
				IPHONEOS_DEPLOYMENT_TARGET = 15.0;
				LD_RUNPATH_SEARCH_PATHS = (
					"$(inherited)",
					"@executable_path/Frameworks",
					"@loader_path/Frameworks",
				);
				MARKETING_VERSION = 1.0;
				PRODUCT_BUNDLE_IDENTIFIER = efimi.familyPageTests;
				PRODUCT_NAME = "$(TARGET_NAME)";
				SWIFT_EMIT_LOC_STRINGS = NO;
				SWIFT_VERSION = 5.0;
				TARGETED_DEVICE_FAMILY = "1,2";
				TEST_HOST = "$(BUILT_PRODUCTS_DIR)/familyPage.app/familyPage";
			};
			name = Release;
		};
		0407B9A8272C02380043CBA1 /* Debug */ = {
			isa = XCBuildConfiguration;
			baseConfigurationReference = A3B3EAC02EB4AD2E4CA934D6 /* Pods-familyPage-familyPageUITests.debug.xcconfig */;
			buildSettings = {
				ALWAYS_EMBED_SWIFT_STANDARD_LIBRARIES = YES;
				CODE_SIGN_STYLE = Automatic;
				CURRENT_PROJECT_VERSION = 1;
				DEVELOPMENT_TEAM = CF76M9X65W;
				GENERATE_INFOPLIST_FILE = YES;
				LD_RUNPATH_SEARCH_PATHS = (
					"$(inherited)",
					"@executable_path/Frameworks",
					"@loader_path/Frameworks",
				);
				MARKETING_VERSION = 1.0;
				PRODUCT_BUNDLE_IDENTIFIER = efimi.familyPageUITests;
				PRODUCT_NAME = "$(TARGET_NAME)";
				SWIFT_EMIT_LOC_STRINGS = NO;
				SWIFT_VERSION = 5.0;
				TARGETED_DEVICE_FAMILY = "1,2";
				TEST_TARGET_NAME = familyPage;
			};
			name = Debug;
		};
		0407B9A9272C02380043CBA1 /* Release */ = {
			isa = XCBuildConfiguration;
			baseConfigurationReference = 49D546ED863AB7731144E120 /* Pods-familyPage-familyPageUITests.release.xcconfig */;
			buildSettings = {
				ALWAYS_EMBED_SWIFT_STANDARD_LIBRARIES = YES;
				CODE_SIGN_STYLE = Automatic;
				CURRENT_PROJECT_VERSION = 1;
				DEVELOPMENT_TEAM = CF76M9X65W;
				GENERATE_INFOPLIST_FILE = YES;
				LD_RUNPATH_SEARCH_PATHS = (
					"$(inherited)",
					"@executable_path/Frameworks",
					"@loader_path/Frameworks",
				);
				MARKETING_VERSION = 1.0;
				PRODUCT_BUNDLE_IDENTIFIER = efimi.familyPageUITests;
				PRODUCT_NAME = "$(TARGET_NAME)";
				SWIFT_EMIT_LOC_STRINGS = NO;
				SWIFT_VERSION = 5.0;
				TARGETED_DEVICE_FAMILY = "1,2";
				TEST_TARGET_NAME = familyPage;
			};
			name = Release;
		};
/* End XCBuildConfiguration section */

/* Begin XCConfigurationList section */
		0407B972272C02320043CBA1 /* Build configuration list for PBXProject "familyPage" */ = {
			isa = XCConfigurationList;
			buildConfigurations = (
				0407B99F272C02380043CBA1 /* Debug */,
				0407B9A0272C02380043CBA1 /* Release */,
			);
			defaultConfigurationIsVisible = 0;
			defaultConfigurationName = Release;
		};
		0407B9A1272C02380043CBA1 /* Build configuration list for PBXNativeTarget "familyPage" */ = {
			isa = XCConfigurationList;
			buildConfigurations = (
				0407B9A2272C02380043CBA1 /* Debug */,
				0407B9A3272C02380043CBA1 /* Release */,
			);
			defaultConfigurationIsVisible = 0;
			defaultConfigurationName = Release;
		};
		0407B9A4272C02380043CBA1 /* Build configuration list for PBXNativeTarget "familyPageTests" */ = {
			isa = XCConfigurationList;
			buildConfigurations = (
				0407B9A5272C02380043CBA1 /* Debug */,
				0407B9A6272C02380043CBA1 /* Release */,
			);
			defaultConfigurationIsVisible = 0;
			defaultConfigurationName = Release;
		};
		0407B9A7272C02380043CBA1 /* Build configuration list for PBXNativeTarget "familyPageUITests" */ = {
			isa = XCConfigurationList;
			buildConfigurations = (
				0407B9A8272C02380043CBA1 /* Debug */,
				0407B9A9272C02380043CBA1 /* Release */,
			);
			defaultConfigurationIsVisible = 0;
			defaultConfigurationName = Release;
		};
/* End XCConfigurationList section */
	};
	rootObject = 0407B96F272C02320043CBA1 /* Project object */;
}
